{
  "name": "window-size",
  "lockfileVersion": 3,
  "requires": true,
  "packages": {
    "": {
      "devDependencies": {
        "chrome-types": "^0.1.423"
      }
    },
    "node_modules/chrome-types": {
      "version": "0.1.423",
      "resolved": "https://registry.npmjs.org/chrome-types/-/chrome-types-0.1.423.tgz",
      "integrity": "sha512-iYo0uOo/aSDn8vKfw7RhBs5xqJNHp3qiD4fsJAv0NJy3Xt2gVtNZ4jDwRPjzLcE+XH9YDhEtRYxLkhnNnSFAuA==",
      "dev": true,
      "license": "Apache-2.0"
    }
  }
}
