{
  "name": "window-size",
  "lockfileVersion": 3,
  "requires": true,
  "packages": {
    "": {
      "devDependencies": {
        "chrome-types": "^0.1.342"
      }
    },
    "node_modules/chrome-types": {
      "version": "0.1.342",
      "resolved": "https://registry.npmjs.org/chrome-types/-/chrome-types-0.1.342.tgz",
      "integrity": "sha512-QfacJNFnTjaKFuMR1Wu3vB/yUJoLLwO0Er68MTzwLTiPfqpQva2t1Oila0MQHxfGvjh8K0oHfsWZcm900T7QaQ==",
      "dev": true,
      "license": "Apache-2.0"
    }
  }
}
